
Microsoft Visual Studio Solution File, Format Version 12.00
# Visual Studio 15
VisualStudioVersion = 15.0.28307.645
MinimumVisualStudioVersion = 10.0.40219.1
Project("{9A19103F-16F7-4668-BE54-9A1E7A4F7556}") = "simplecalc", "simplecalc\simplecalc.csproj", "{5CF76DC7-3E6C-473C-B96E-78273154C376}"
EndProject
Project("{FAE04EC0-301F-11D3-BF4B-00C04F79EFBC}") = "UnitTestProject1", "UnitTestProject1\UnitTestProject1.csproj", "{A3F8F4F1-76CD-4B02-9C70-63AFBF48BF71}"
EndProject
Global
	GlobalSection(SolutionConfigurationPlatforms) = preSolution
		Debug|Any CPU = Debug|Any CPU
		Release|Any CPU = Release|Any CPU
	EndGlobalSection
	GlobalSection(ProjectConfigurationPlatforms) = postSolution
		{5CF76DC7-3E6C-473C-B96E-78273154C376}.Debug|Any CPU.ActiveCfg = Debug|Any CPU
		{5CF76DC7-3E6C-473C-B96E-78273154C376}.Debug|Any CPU.Build.0 = Debug|Any CPU
		{5CF76DC7-3E6C-473C-B96E-78273154C376}.Release|Any CPU.ActiveCfg = Release|Any CPU
		{5CF76DC7-3E6C-473C-B96E-78273154C376}.Release|Any CPU.Build.0 = Release|Any CPU
		{A3F8F4F1-76CD-4B02-9C70-63AFBF48BF71}.Debug|Any CPU.ActiveCfg = Debug|Any CPU
		{A3F8F4F1-76CD-4B02-9C70-63AFBF48BF71}.Debug|Any CPU.Build.0 = Debug|Any CPU
		{A3F8F4F1-76CD-4B02-9C70-63AFBF48BF71}.Release|Any CPU.ActiveCfg = Release|Any CPU
		{A3F8F4F1-76CD-4B02-9C70-63AFBF48BF71}.Release|Any CPU.Build.0 = Release|Any CPU
	EndGlobalSection
	GlobalSection(SolutionProperties) = preSolution
		HideSolutionNode = FALSE
	EndGlobalSection
	GlobalSection(ExtensibilityGlobals) = postSolution
		SolutionGuid = {D9ADC8D4-FDAE-4C70-99E1-07A22BEF35CF}
	EndGlobalSection
EndGlobal
